{
  "name": "oracle-example",
  "version": "1.0.0",
  "lockfileVersion": 2,
  "requires": true,
  "packages": {
    "": {
      "name": "oracle-example",
      "version": "1.0.0",
      "license": "ISC",
      "dependencies": {
        "dotenv": "^16.3.1",
        "oracledb": "^6.0.3"
      }
    },
    "node_modules/dotenv": {
      "version": "16.3.1",
      "resolved": "https://registry.npmjs.org/dotenv/-/dotenv-16.3.1.tgz",
      "integrity": "sha512-IPzF4w4/Rd94bA9imS68tZBaYyBWSCE47V1RGuMrB94iyTOIEwRmVL2x/4An+6mETpLrKJ5hQkB8W4kFAadeIQ==",
      "engines": {
        "node": ">=12"
      },
      "funding": {
        "url": "https://github.com/motdotla/dotenv?sponsor=1"
      }
    },
    "node_modules/oracledb": {
      "version": "6.0.3",
      "resolved": "https://registry.npmjs.org/oracledb/-/oracledb-6.0.3.tgz",
      "integrity": "sha512-szsaTgEcVpmGwi5sCHLXvvpoL5ZJIE69wSOBpclsGO5XX6QMce6KRr+R+t68ihns+8MV4A0J4oeR6efCfxScrg==",
      "hasInstallScript": true,
      "engines": {
        "node": ">=14.6"
      }
    }
  },
  "dependencies": {
    "dotenv": {
      "version": "16.3.1",
      "resolved": "https://registry.npmjs.org/dotenv/-/dotenv-16.3.1.tgz",
      "integrity": "sha512-IPzF4w4/Rd94bA9imS68tZBaYyBWSCE47V1RGuMrB94iyTOIEwRmVL2x/4An+6mETpLrKJ5hQkB8W4kFAadeIQ=="
    },
    "oracledb": {
      "version": "6.0.3",
      "resolved": "https://registry.npmjs.org/oracledb/-/oracledb-6.0.3.tgz",
      "integrity": "sha512-szsaTgEcVpmGwi5sCHLXvvpoL5ZJIE69wSOBpclsGO5XX6QMce6KRr+R+t68ihns+8MV4A0J4oeR6efCfxScrg=="
    }
  }
}
